
Microsoft Visual Studio Solution File, Format Version 12.00
# Visual Studio Version 16
VisualStudioVersion = 16.0.31205.134
MinimumVisualStudioVersion = 10.0.40219.1
Project("{9A19103F-16F7-4668-BE54-9A1E7A4F7556}") = "Blazor", "src\Blazor\Blazor.csproj", "{8BDB2F1A-5A7D-4BF0-94EA-CBCA7E34731B}"
EndProject
Project("{FAE04EC0-301F-11D3-BF4B-00C04F79EFBC}") = "ReferenceBot", "src\ReferenceBot\ReferenceBot.csproj", "{BDE252EF-BE3F-45F3-BD6E-233C79746EC1}"
EndProject
Project("{FAE04EC0-301F-11D3-BF4B-00C04F79EFBC}") = "SharedKernel", "src\SharedKernel\SharedKernel.csproj", "{FF7904F7-C0F1-4263-ADE6-DFA940F0D412}"
EndProject
Project("{FAE04EC0-301F-11D3-BF4B-00C04F79EFBC}") = "Tests", "tests\Tests\Tests.csproj", "{627F8479-47D7-49B9-BF91-E74A351F2652}"
EndProject
Project("{FAE04EC0-301F-11D3-BF4B-00C04F79EFBC}") = "Core", "src\Core\Core.csproj", "{552B70FC-08EC-4FE2-8B78-132B6E417029}"
EndProject
Global
	GlobalSection(SolutionConfigurationPlatforms) = preSolution
		Debug|Any CPU = Debug|Any CPU
		Release|Any CPU = Release|Any CPU
	EndGlobalSection
	GlobalSection(ProjectConfigurationPlatforms) = postSolution
		{8BDB2F1A-5A7D-4BF0-94EA-CBCA7E34731B}.Debug|Any CPU.ActiveCfg = Debug|Any CPU
		{8BDB2F1A-5A7D-4BF0-94EA-CBCA7E34731B}.Debug|Any CPU.Build.0 = Debug|Any CPU
		{8BDB2F1A-5A7D-4BF0-94EA-CBCA7E34731B}.Release|Any CPU.ActiveCfg = Release|Any CPU
		{8BDB2F1A-5A7D-4BF0-94EA-CBCA7E34731B}.Release|Any CPU.Build.0 = Release|Any CPU
		{BDE252EF-BE3F-45F3-BD6E-233C79746EC1}.Debug|Any CPU.ActiveCfg = Debug|Any CPU
		{BDE252EF-BE3F-45F3-BD6E-233C79746EC1}.Debug|Any CPU.Build.0 = Debug|Any CPU
		{BDE252EF-BE3F-45F3-BD6E-233C79746EC1}.Release|Any CPU.ActiveCfg = Release|Any CPU
		{BDE252EF-BE3F-45F3-BD6E-233C79746EC1}.Release|Any CPU.Build.0 = Release|Any CPU
		{FF7904F7-C0F1-4263-ADE6-DFA940F0D412}.Debug|Any CPU.ActiveCfg = Debug|Any CPU
		{FF7904F7-C0F1-4263-ADE6-DFA940F0D412}.Debug|Any CPU.Build.0 = Debug|Any CPU
		{FF7904F7-C0F1-4263-ADE6-DFA940F0D412}.Release|Any CPU.ActiveCfg = Release|Any CPU
		{FF7904F7-C0F1-4263-ADE6-DFA940F0D412}.Release|Any CPU.Build.0 = Release|Any CPU
		{627F8479-47D7-49B9-BF91-E74A351F2652}.Debug|Any CPU.ActiveCfg = Debug|Any CPU
		{627F8479-47D7-49B9-BF91-E74A351F2652}.Debug|Any CPU.Build.0 = Debug|Any CPU
		{627F8479-47D7-49B9-BF91-E74A351F2652}.Release|Any CPU.ActiveCfg = Release|Any CPU
		{627F8479-47D7-49B9-BF91-E74A351F2652}.Release|Any CPU.Build.0 = Release|Any CPU
		{552B70FC-08EC-4FE2-8B78-132B6E417029}.Debug|Any CPU.ActiveCfg = Debug|Any CPU
		{552B70FC-08EC-4FE2-8B78-132B6E417029}.Debug|Any CPU.Build.0 = Debug|Any CPU
		{552B70FC-08EC-4FE2-8B78-132B6E417029}.Release|Any CPU.ActiveCfg = Release|Any CPU
		{552B70FC-08EC-4FE2-8B78-132B6E417029}.Release|Any CPU.Build.0 = Release|Any CPU
	EndGlobalSection
	GlobalSection(SolutionProperties) = preSolution
		HideSolutionNode = FALSE
	EndGlobalSection
	GlobalSection(ExtensibilityGlobals) = postSolution
		SolutionGuid = {CAC5D694-EB15-4AA0-96E7-324F5A5EB322}
	EndGlobalSection
EndGlobal
